
Microsoft Visual Studio Solution File, Format Version 12.00
# Visual Studio Version 17
VisualStudioVersion = 17.11.35327.3
MinimumVisualStudioVersion = 10.0.40219.1
Project("{FAE04EC0-301F-11D3-BF4B-00C04F79EFBC}") = "WPFApp", "WPFApp\WPFApp.csproj", "{DBF61153-1B5B-4707-9B96-9ED07C688869}"
EndProject
Global
	GlobalSection(SolutionConfigurationPlatforms) = preSolution
		Debug|Any CPU = Debug|Any CPU
		Release|Any CPU = Release|Any CPU
	EndGlobalSection
	GlobalSection(ProjectConfigurationPlatforms) = postSolution
		{DBF61153-1B5B-4707-9B96-9ED07C688869}.Debug|Any CPU.ActiveCfg = Debug|Any CPU
		{DBF61153-1B5B-4707-9B96-9ED07C688869}.Debug|Any CPU.Build.0 = Debug|Any CPU
		{DBF61153-1B5B-4707-9B96-9ED07C688869}.Release|Any CPU.ActiveCfg = Release|Any CPU
		{DBF61153-1B5B-4707-9B96-9ED07C688869}.Release|Any CPU.Build.0 = Release|Any CPU
	EndGlobalSection
	GlobalSection(SolutionProperties) = preSolution
		HideSolutionNode = FALSE
	EndGlobalSection
	GlobalSection(ExtensibilityGlobals) = postSolution
		SolutionGuid = {C06B6EB9-24FF-4214-9738-487281B0AC97}
	EndGlobalSection
EndGlobal
